
Microsoft Visual Studio Solution File, Format Version 12.00
# Visual Studio Version 16
VisualStudioVersion = 16.0.30907.101
MinimumVisualStudioVersion = 10.0.40219.1
Project("{FAE04EC0-301F-11D3-BF4B-00C04F79EFBC}") = "PhoneBook", "PhoneBook\PhoneBook.csproj", "{D56798BE-04A6-4ADB-9954-22AC64504532}"
EndProject
Project("{2150E333-8FDC-42A3-9474-1A3956D46DE8}") = "Model", "Model", "{A72A3ACB-6210-46C1-83D7-01EB4F936CA3}"
EndProject
Project("{2150E333-8FDC-42A3-9474-1A3956D46DE8}") = "Logic", "Logic", "{B939EA3F-0319-4E54-8338-16F0D5996A24}"
EndProject
Project("{2150E333-8FDC-42A3-9474-1A3956D46DE8}") = "DAL", "DAL", "{47F85497-59F0-4DBA-B26F-D4D478E49CF7}"
EndProject
Project("{2150E333-8FDC-42A3-9474-1A3956D46DE8}") = "Common", "Common", "{85FDEE64-BE0C-4311-AE89-C97DA7D56182}"
EndProject
Project("{FAE04EC0-301F-11D3-BF4B-00C04F79EFBC}") = "PhoneBook.Model.Common", "PhoneBook.Common\PhoneBook.Model.Common.csproj", "{8F95B88D-7FAD-447C-B107-48188CDC001A}"
EndProject
Project("{FAE04EC0-301F-11D3-BF4B-00C04F79EFBC}") = "PhoneBook.Logic", "PhoneBook.Logic\PhoneBook.Logic.csproj", "{51C97E61-4B8C-4768-A4BF-8360DA5BE015}"
EndProject
Project("{FAE04EC0-301F-11D3-BF4B-00C04F79EFBC}") = "PhoneBook.Dal", "PhoneBook.Dal\PhoneBook.Dal.csproj", "{84F31247-E9F8-4A99-9F63-C8DF616A1A3B}"
EndProject
Project("{FAE04EC0-301F-11D3-BF4B-00C04F79EFBC}") = "PhoneBook.DI", "PhoneBook.DI\PhoneBook.DI.csproj", "{711B57CE-CFE5-4946-990F-F4F25E079E48}"
EndProject
Global
	GlobalSection(SolutionConfigurationPlatforms) = preSolution
		Debug|Any CPU = Debug|Any CPU
		Release|Any CPU = Release|Any CPU
	EndGlobalSection
	GlobalSection(ProjectConfigurationPlatforms) = postSolution
		{D56798BE-04A6-4ADB-9954-22AC64504532}.Debug|Any CPU.ActiveCfg = Debug|Any CPU
		{D56798BE-04A6-4ADB-9954-22AC64504532}.Debug|Any CPU.Build.0 = Debug|Any CPU
		{D56798BE-04A6-4ADB-9954-22AC64504532}.Release|Any CPU.ActiveCfg = Release|Any CPU
		{D56798BE-04A6-4ADB-9954-22AC64504532}.Release|Any CPU.Build.0 = Release|Any CPU
		{8F95B88D-7FAD-447C-B107-48188CDC001A}.Debug|Any CPU.ActiveCfg = Debug|Any CPU
		{8F95B88D-7FAD-447C-B107-48188CDC001A}.Debug|Any CPU.Build.0 = Debug|Any CPU
		{8F95B88D-7FAD-447C-B107-48188CDC001A}.Release|Any CPU.ActiveCfg = Release|Any CPU
		{8F95B88D-7FAD-447C-B107-48188CDC001A}.Release|Any CPU.Build.0 = Release|Any CPU
		{51C97E61-4B8C-4768-A4BF-8360DA5BE015}.Debug|Any CPU.ActiveCfg = Debug|Any CPU
		{51C97E61-4B8C-4768-A4BF-8360DA5BE015}.Debug|Any CPU.Build.0 = Debug|Any CPU
		{51C97E61-4B8C-4768-A4BF-8360DA5BE015}.Release|Any CPU.ActiveCfg = Release|Any CPU
		{51C97E61-4B8C-4768-A4BF-8360DA5BE015}.Release|Any CPU.Build.0 = Release|Any CPU
		{84F31247-E9F8-4A99-9F63-C8DF616A1A3B}.Debug|Any CPU.ActiveCfg = Debug|Any CPU
		{84F31247-E9F8-4A99-9F63-C8DF616A1A3B}.Debug|Any CPU.Build.0 = Debug|Any CPU
		{84F31247-E9F8-4A99-9F63-C8DF616A1A3B}.Release|Any CPU.ActiveCfg = Release|Any CPU
		{84F31247-E9F8-4A99-9F63-C8DF616A1A3B}.Release|Any CPU.Build.0 = Release|Any CPU
		{711B57CE-CFE5-4946-990F-F4F25E079E48}.Debug|Any CPU.ActiveCfg = Debug|Any CPU
		{711B57CE-CFE5-4946-990F-F4F25E079E48}.Debug|Any CPU.Build.0 = Debug|Any CPU
		{711B57CE-CFE5-4946-990F-F4F25E079E48}.Release|Any CPU.ActiveCfg = Release|Any CPU
		{711B57CE-CFE5-4946-990F-F4F25E079E48}.Release|Any CPU.Build.0 = Release|Any CPU
	EndGlobalSection
	GlobalSection(SolutionProperties) = preSolution
		HideSolutionNode = FALSE
	EndGlobalSection
	GlobalSection(NestedProjects) = preSolution
		{B939EA3F-0319-4E54-8338-16F0D5996A24} = {A72A3ACB-6210-46C1-83D7-01EB4F936CA3}
		{47F85497-59F0-4DBA-B26F-D4D478E49CF7} = {A72A3ACB-6210-46C1-83D7-01EB4F936CA3}
		{85FDEE64-BE0C-4311-AE89-C97DA7D56182} = {A72A3ACB-6210-46C1-83D7-01EB4F936CA3}
		{8F95B88D-7FAD-447C-B107-48188CDC001A} = {85FDEE64-BE0C-4311-AE89-C97DA7D56182}
		{51C97E61-4B8C-4768-A4BF-8360DA5BE015} = {B939EA3F-0319-4E54-8338-16F0D5996A24}
		{84F31247-E9F8-4A99-9F63-C8DF616A1A3B} = {47F85497-59F0-4DBA-B26F-D4D478E49CF7}
		{711B57CE-CFE5-4946-990F-F4F25E079E48} = {85FDEE64-BE0C-4311-AE89-C97DA7D56182}
	EndGlobalSection
	GlobalSection(ExtensibilityGlobals) = postSolution
		SolutionGuid = {CCAF4E9C-BBD0-4F55-9302-C98FCD017939}
	EndGlobalSection
EndGlobal
